<?xml version="1.0" encoding="utf-8"?>
<Project ToolsVersion="4.0" xmlns="http://schemas.microsoft.com/developer/msbuild/2003">
  <ItemGroup>
    <ClCompile Include="$(MSBuildThisFileDirectory)Source\GamePCH.cpp">
      <Filter>Source</Filter>
    </ClCompile>
    <ClCompile Include="$(MSBuildThisFileDirectory)Source\Game\Game.cpp">
      <Filter>Source\Game</Filter>
    </ClCompile>
    <ClCompile Include="$(MSBuildThisFileDirectory)Source\Mesh\Mesh.cpp">
      <Filter>Source\Mesh</Filter>
    </ClCompile>
    <ClCompile Include="$(MSBuildThisFileDirectory)Source\GameObjects\GameObject.cpp">
      <Filter>Source\GameObjects</Filter>
    </ClCompile>
    <ClCompile Include="$(MSBuildThisFileDirectory)Source\GameObjects\Player.cpp">
      <Filter>Source\GameObjects</Filter>
    </ClCompile>
    <ClCompile Include="$(MSBuildThisFileDirectory)Source\GameObjects\PlayerController.cpp">
      <Filter>Source\GameObjects</Filter>
    </ClCompile>
    <ClCompile Include="$(MSBuildThisFileDirectory)Source\Mesh\Texture.cpp">
      <Filter>Source\Mesh</Filter>
    </ClCompile>
    <ClCompile Include="$(MSBuildThisFileDirectory)Source\Mesh\MeshShapes.cpp">
      <Filter>Source\Mesh</Filter>
    </ClCompile>
    <ClCompile Include="$(MSBuildThisFileDirectory)Source\Game\ResourceManager.cpp">
      <Filter>Source\Game</Filter>
    </ClCompile>
    <ClCompile Include="$(MSBuildThisFileDirectory)Source\Game\Scene.cpp">
      <Filter>Source\Game</Filter>
    </ClCompile>
    <ClCompile Include="$(MSBuildThisFileDirectory)Source\Game\ImGuiManager.cpp">
      <Filter>Source\Game</Filter>
    </ClCompile>
    <ClCompile Include="$(MSBuildThisFileDirectory)Source\Mesh\Material.cpp">
      <Filter>Source\Mesh</Filter>
    </ClCompile>
    <ClCompile Include="$(MSBuildThisFileDirectory)Source\GameObjects\CameraObject.cpp">
      <Filter>Source\GameObjects</Filter>
    </ClCompile>
    <ClCompile Include="$(MSBuildThisFileDirectory)Source\Mesh\OBJLoader.cpp">
      <Filter>Source\Mesh</Filter>
    </ClCompile>
    <ClCompile Include="$(MSBuildThisFileDirectory)Source\Helpers\cJSONHelpers.cpp">
      <Filter>Source\Helpers</Filter>
    </ClCompile>
    <ClCompile Include="$(MSBuildThisFileDirectory)Source\BulletManager\BulletManager.cpp">
      <Filter>Source\BulletManager</Filter>
    </ClCompile>
    <ClCompile Include="$(MSBuildThisFileDirectory)Source\BulletManager\GameObjectMotionState.cpp">
      <Filter>Source\BulletManager</Filter>
    </ClCompile>
    <ClCompile Include="$(MSBuildThisFileDirectory)Source\Audio\SoundChannel.cpp">
      <Filter>Source\Audio</Filter>
    </ClCompile>
    <ClCompile Include="$(MSBuildThisFileDirectory)Source\Audio\SoundObject.cpp">
      <Filter>Source\Audio</Filter>
    </ClCompile>
    <ClCompile Include="$(MSBuildThisFileDirectory)Source\Audio\SoundPlayer.cpp">
      <Filter>Source\Audio</Filter>
    </ClCompile>
    <ClCompile Include="$(MSBuildThisFileDirectory)Source\Audio\VoiceCallback.cpp">
      <Filter>Source\Audio</Filter>
    </ClCompile>
    <ClCompile Include="$(MSBuildThisFileDirectory)Source\Audio\WaveLoader.cpp">
      <Filter>Source\Audio</Filter>
    </ClCompile>
    <ClCompile Include="$(MSBuildThisFileDirectory)Source\GameObjects\LightObject.cpp">
      <Filter>Source\GameObjects</Filter>
    </ClCompile>
    <ClCompile Include="$(MSBuildThisFileDirectory)Source\Audio\Cue.cpp">
      <Filter>Source\Audio</Filter>
    </ClCompile>
    <ClCompile Include="$(MSBuildThisFileDirectory)Source\Audio\ShuffleCue.cpp">
      <Filter>Source\Audio</Filter>
    </ClCompile>
    <ClCompile Include="$(MSBuildThisFileDirectory)Source\Audio\WeightedCue.cpp">
      <Filter>Source\Audio</Filter>
    </ClCompile>
    <ClCompile Include="$(MSBuildThisFileDirectory)Source\Game\TweenObject.cpp">
      <Filter>Source\Game</Filter>
    </ClCompile>
    <ClCompile Include="$(MSBuildThisFileDirectory)Source\Game\TweenFunction.cpp" />
    <ClCompile Include="$(MSBuildThisFileDirectory)Source\SceneManager\SceneManager.cpp">
      <Filter>Source\SceneManager</Filter>
    </ClCompile>
    <ClCompile Include="$(MSBuildThisFileDirectory)Source\Scenes\EndScene.cpp">
      <Filter>Source\Scenes</Filter>
    </ClCompile>
    <ClCompile Include="$(MSBuildThisFileDirectory)Source\Scenes\GameScene.cpp">
      <Filter>Source\Scenes</Filter>
    </ClCompile>
    <ClCompile Include="$(MSBuildThisFileDirectory)Source\Scenes\PauseScene.cpp">
      <Filter>Source\Scenes</Filter>
    </ClCompile>
    <ClCompile Include="$(MSBuildThisFileDirectory)Source\Scenes\TitleScene.cpp">
      <Filter>Source\Scenes</Filter>
    </ClCompile>
    <ClCompile Include="$(MSBuildThisFileDirectory)Source\Scenes\Options.cpp">
      <Filter>Source\Scenes</Filter>
    </ClCompile>
    <ClCompile Include="$(MSBuildThisFileDirectory)Source\Scenes\HUD.cpp">
      <Filter>Source\Scenes</Filter>
    </ClCompile>
    <ClCompile Include="$(MSBuildThisFileDirectory)Source\Mesh\FBODefinition.cpp">
      <Filter>Source\Mesh</Filter>
    </ClCompile>
    <ClCompile Include="$(MSBuildThisFileDirectory)Source\GameObjects\OrthoCameraObject.cpp">
      <Filter>Source\GameObjects</Filter>
    </ClCompile>
    <ClCompile Include="$(MSBuildThisFileDirectory)Source\GameObjects\Coin.cpp">
      <Filter>Source\GameObjects</Filter>
    </ClCompile>
    <ClCompile Include="$(MSBuildThisFileDirectory)Source\GameObjects\StartObject.cpp">
      <Filter>Source\GameObjects</Filter>
    </ClCompile>
    <ClCompile Include="$(MSBuildThisFileDirectory)Source\Game\UI\Health.cpp">
      <Filter>Source\Game\UI</Filter>
    </ClCompile>
    <ClCompile Include="$(MSBuildThisFileDirectory)Source\Game\UI\Score.cpp">
      <Filter>Source\Game\UI</Filter>
    </ClCompile>
    <ClCompile Include="$(MSBuildThisFileDirectory)Source\Game\UI\Laps.cpp">
      <Filter>Source\Game\UI</Filter>
    </ClCompile>
    <ClCompile Include="$(MSBuildThisFileDirectory)Source\Game\UI\Time.cpp">
      <Filter>Source\Game\UI</Filter>
    </ClCompile>
    <ClCompile Include="$(MSBuildThisFileDirectory)Source\Scenes\PostEffectScene.cpp">
      <Filter>Source\Scenes</Filter>
    </ClCompile>
    <ClCompile Include="$(MSBuildThisFileDirectory)Source\GameObjects\CheckPointObject.cpp">
      <Filter>Source\GameObjects</Filter>
    </ClCompile>
    <ClCompile Include="$(MSBuildThisFileDirectory)Source\Scenes\VictoryScene.cpp">
      <Filter>Source\Scenes</Filter>
    </ClCompile>
  </ItemGroup>
  <ItemGroup>
    <ClInclude Include="$(MSBuildThisFileDirectory)Source\GamePCH.h">
      <Filter>Source</Filter>
    </ClInclude>
    <ClInclude Include="$(MSBuildThisFileDirectory)Source\Game\Game.h">
      <Filter>Source\Game</Filter>
    </ClInclude>
    <ClInclude Include="$(MSBuildThisFileDirectory)Source\Mesh\Mesh.h">
      <Filter>Source\Mesh</Filter>
    </ClInclude>
    <ClInclude Include="$(MSBuildThisFileDirectory)Source\GameObjects\GameObject.h">
      <Filter>Source\GameObjects</Filter>
    </ClInclude>
    <ClInclude Include="$(MSBuildThisFileDirectory)Source\GameObjects\Player.h">
      <Filter>Source\GameObjects</Filter>
    </ClInclude>
    <ClInclude Include="$(MSBuildThisFileDirectory)Source\GameObjects\PlayerController.h">
      <Filter>Source\GameObjects</Filter>
    </ClInclude>
    <ClInclude Include="$(MSBuildThisFileDirectory)Source\Mesh\Texture.h">
      <Filter>Source\Mesh</Filter>
    </ClInclude>
    <ClInclude Include="$(MSBuildThisFileDirectory)Source\Game\ResourceManager.h">
      <Filter>Source\Game</Filter>
    </ClInclude>
    <ClInclude Include="$(MSBuildThisFileDirectory)Source\Game\Scene.h">
      <Filter>Source\Game</Filter>
    </ClInclude>
    <ClInclude Include="$(MSBuildThisFileDirectory)Source\Game\ImGuiManager.h">
      <Filter>Source\Game</Filter>
    </ClInclude>
    <ClInclude Include="$(MSBuildThisFileDirectory)Source\Mesh\Material.h">
      <Filter>Source\Mesh</Filter>
    </ClInclude>
    <ClInclude Include="$(MSBuildThisFileDirectory)Source\Game\ObjectPool.h">
      <Filter>Source\Game</Filter>
    </ClInclude>
    <ClInclude Include="$(MSBuildThisFileDirectory)Source\GameObjects\CameraObject.h">
      <Filter>Source\GameObjects</Filter>
    </ClInclude>
    <ClInclude Include="$(MSBuildThisFileDirectory)Source\Events\RemoveFromSceneEvent.h">
      <Filter>Source\Events</Filter>
    </ClInclude>
    <ClInclude Include="$(MSBuildThisFileDirectory)Source\Events\GameEventTypes.h">
      <Filter>Source\Events</Filter>
    </ClInclude>
    <ClInclude Include="$(MSBuildThisFileDirectory)Source\Mesh\OBJLoader.h">
      <Filter>Source\Mesh</Filter>
    </ClInclude>
    <ClInclude Include="$(MSBuildThisFileDirectory)Source\Mesh\VertexFormat.h">
      <Filter>Source\Mesh</Filter>
    </ClInclude>
    <ClInclude Include="$(MSBuildThisFileDirectory)Source\Helpers\cJSONHelpers.h">
      <Filter>Source\Helpers</Filter>
    </ClInclude>
    <ClInclude Include="$(MSBuildThisFileDirectory)Source\BulletManager\BulletManager.h">
      <Filter>Source\BulletManager</Filter>
    </ClInclude>
    <ClInclude Include="$(MSBuildThisFileDirectory)Source\BulletManager\GameObjectMotionState.h">
      <Filter>Source\BulletManager</Filter>
    </ClInclude>
    <ClInclude Include="$(MSBuildThisFileDirectory)Source\CollisionFilter\CollisionFilter.h">
      <Filter>Source\CollisionFilter</Filter>
    </ClInclude>
    <ClInclude Include="$(MSBuildThisFileDirectory)Source\Audio\SoundChannel.h">
      <Filter>Source\Audio</Filter>
    </ClInclude>
    <ClInclude Include="$(MSBuildThisFileDirectory)Source\Audio\SoundObject.h">
      <Filter>Source\Audio</Filter>
    </ClInclude>
    <ClInclude Include="$(MSBuildThisFileDirectory)Source\Audio\SoundPlayer.h">
      <Filter>Source\Audio</Filter>
    </ClInclude>
    <ClInclude Include="$(MSBuildThisFileDirectory)Source\Audio\VoiceCallback.h">
      <Filter>Source\Audio</Filter>
    </ClInclude>
    <ClInclude Include="$(MSBuildThisFileDirectory)Source\Audio\WaveLoader.h">
      <Filter>Source\Audio</Filter>
    </ClInclude>
    <ClInclude Include="$(MSBuildThisFileDirectory)Source\GameObjects\LightObject.h">
      <Filter>Source\GameObjects</Filter>
    </ClInclude>
    <ClInclude Include="$(MSBuildThisFileDirectory)Source\Audio\Cue.h">
      <Filter>Source\Audio</Filter>
    </ClInclude>
    <ClInclude Include="$(MSBuildThisFileDirectory)Source\Audio\ShuffleCue.h">
      <Filter>Source\Audio</Filter>
    </ClInclude>
    <ClInclude Include="$(MSBuildThisFileDirectory)Source\Audio\WeightedCue.h">
      <Filter>Source\Audio</Filter>
    </ClInclude>
    <ClInclude Include="$(MSBuildThisFileDirectory)Source\Audio\SoundCueObject.h">
      <Filter>Source\Audio</Filter>
    </ClInclude>
    <ClInclude Include="$(MSBuildThisFileDirectory)Source\Game\TweenObject.h">
      <Filter>Source\Game</Filter>
    </ClInclude>
    <ClInclude Include="$(MSBuildThisFileDirectory)Source\Game\TweenFunction.h" />
    <ClInclude Include="$(MSBuildThisFileDirectory)Source\SceneManager\SceneManager.h">
      <Filter>Source\SceneManager</Filter>
    </ClInclude>
    <ClInclude Include="$(MSBuildThisFileDirectory)Source\Scenes\EndScene.h">
      <Filter>Source\Scenes</Filter>
    </ClInclude>
    <ClInclude Include="$(MSBuildThisFileDirectory)Source\Scenes\GameScene.h">
      <Filter>Source\Scenes</Filter>
    </ClInclude>
    <ClInclude Include="$(MSBuildThisFileDirectory)Source\Scenes\PauseScene.h">
      <Filter>Source\Scenes</Filter>
    </ClInclude>
    <ClInclude Include="$(MSBuildThisFileDirectory)Source\Scenes\TitleScene.h">
      <Filter>Source\Scenes</Filter>
    </ClInclude>
    <ClInclude Include="$(MSBuildThisFileDirectory)Source\Scenes\Options.h">
      <Filter>Source\Scenes</Filter>
    </ClInclude>
    <ClInclude Include="$(MSBuildThisFileDirectory)Source\Scenes\HUD.h">
      <Filter>Source\Scenes</Filter>
    </ClInclude>
    <ClInclude Include="$(MSBuildThisFileDirectory)Source\Mesh\FBODefinition.h">
      <Filter>Source\Mesh</Filter>
    </ClInclude>
    <ClInclude Include="$(MSBuildThisFileDirectory)Source\GameObjects\OrthoCameraObject.h">
      <Filter>Source\GameObjects</Filter>
    </ClInclude>
    <ClInclude Include="$(MSBuildThisFileDirectory)Source\GameObjects\Coin.h">
      <Filter>Source\GameObjects</Filter>
    </ClInclude>
    <ClInclude Include="$(MSBuildThisFileDirectory)Source\GameObjects\StartObject.h">
      <Filter>Source\GameObjects</Filter>
    </ClInclude>
    <ClInclude Include="$(MSBuildThisFileDirectory)Source\Game\UI\Health.h">
      <Filter>Source\Game\UI</Filter>
    </ClInclude>
    <ClInclude Include="$(MSBuildThisFileDirectory)Source\Game\UI\Score.h">
      <Filter>Source\Game\UI</Filter>
    </ClInclude>
    <ClInclude Include="$(MSBuildThisFileDirectory)Source\Game\UI\Laps.h">
      <Filter>Source\Game\UI</Filter>
    </ClInclude>
    <ClInclude Include="$(MSBuildThisFileDirectory)Source\Game\UI\Time.h">
      <Filter>Source\Game\UI</Filter>
    </ClInclude>
    <ClInclude Include="$(MSBuildThisFileDirectory)Source\Scenes\PostEffectScene.h">
      <Filter>Source\Scenes</Filter>
    </ClInclude>
    <ClInclude Include="$(MSBuildThisFileDirectory)Source\GameObjects\CheckPointObject.h">
      <Filter>Source\GameObjects</Filter>
    </ClInclude>
    <ClInclude Include="$(MSBuildThisFileDirectory)Source\Scenes\VictoryScene.h">
      <Filter>Source\Scenes</Filter>
    </ClInclude>
  </ItemGroup>
  <ItemGroup>
    <Filter Include="Data">
      <UniqueIdentifier>{c793aa77-1210-4e59-9925-4a71367b3b35}</UniqueIdentifier>
    </Filter>
    <Filter Include="Data\Shaders">
      <UniqueIdentifier>{5d66ae9e-89b9-400f-a379-e5176b7b7f78}</UniqueIdentifier>
    </Filter>
    <Filter Include="Source">
      <UniqueIdentifier>{9f74afd4-f513-4aaf-a6be-624326236288}</UniqueIdentifier>
    </Filter>
    <Filter Include="Source\Game">
      <UniqueIdentifier>{617175d8-08e5-4be8-82ec-e3f1163403f3}</UniqueIdentifier>
    </Filter>
    <Filter Include="Source\Mesh">
      <UniqueIdentifier>{10a6275b-242b-42ae-b975-117a759fcea9}</UniqueIdentifier>
    </Filter>
    <Filter Include="Source\GameObjects">
      <UniqueIdentifier>{09d079c9-e37f-46f2-82bd-ff6e2269bace}</UniqueIdentifier>
    </Filter>
    <Filter Include="Source\Events">
      <UniqueIdentifier>{a1c38341-d980-4204-827e-32b2366bb9ef}</UniqueIdentifier>
    </Filter>
    <Filter Include="Data\SceneRipple">
      <UniqueIdentifier>{1d07ab39-c134-4e65-a4b0-01117f628aed}</UniqueIdentifier>
    </Filter>
    <Filter Include="Source\Helpers">
      <UniqueIdentifier>{af360339-39a8-492a-ab2a-86e1b74a66d1}</UniqueIdentifier>
    </Filter>
    <Filter Include="Data\SceneFloatingStuff">
      <UniqueIdentifier>{f1abda28-7d85-4c19-a7ec-70325822d9b0}</UniqueIdentifier>
    </Filter>
    <Filter Include="Source\BulletManager">
      <UniqueIdentifier>{6fc2aaba-4ee6-4eba-826a-e7ed3e78f0ec}</UniqueIdentifier>
    </Filter>
    <Filter Include="Source\CollisionFilter">
      <UniqueIdentifier>{e7037493-4fb1-44fc-a7f6-9e5fd52abcdd}</UniqueIdentifier>
    </Filter>
    <Filter Include="Source\Audio">
      <UniqueIdentifier>{be4f9e39-682d-435b-b755-5b3162589909}</UniqueIdentifier>
    </Filter>
    <Filter Include="Source\SceneManager">
      <UniqueIdentifier>{efe20fcf-7c07-4a39-a17a-7f71ff1fc554}</UniqueIdentifier>
    </Filter>
    <Filter Include="Source\Scenes">
      <UniqueIdentifier>{fadfa2a5-ab84-497e-be26-1721e6f28cb6}</UniqueIdentifier>
    </Filter>
    <Filter Include="Source\Game\UI">
      <UniqueIdentifier>{ec231332-11a6-4c64-a645-febdacf56207}</UniqueIdentifier>
    </Filter>
  </ItemGroup>
  <ItemGroup>
    <None Include="$(MSBuildThisFileDirectory)Data\Shaders\Texture.frag">
      <Filter>Data\Shaders</Filter>
    </None>
    <None Include="$(MSBuildThisFileDirectory)Data\Shaders\Texture.vert">
      <Filter>Data\Shaders</Filter>
    </None>
    <None Include="$(MSBuildThisFileDirectory)Data\SceneRipple\Ripple.frag">
      <Filter>Data\SceneRipple</Filter>
    </None>
    <None Include="$(MSBuildThisFileDirectory)Data\SceneRipple\Ripple.vert">
      <Filter>Data\SceneRipple</Filter>
    </None>
    <None Include="$(MSBuildThisFileDirectory)Data\SceneFloatingStuff\Water.frag">
      <Filter>Data\SceneFloatingStuff</Filter>
    </None>
    <None Include="$(MSBuildThisFileDirectory)Data\SceneFloatingStuff\Water.vert">
      <Filter>Data\SceneFloatingStuff</Filter>
    </None>
    <None Include="$(MSBuildThisFileDirectory)Data\Shaders\Color.frag">
      <Filter>Data\Shaders</Filter>
    </None>
    <None Include="$(MSBuildThisFileDirectory)Data\Shaders\Color.vert">
      <Filter>Data\Shaders</Filter>
    </None>
    <None Include="$(MSBuildThisFileDirectory)Data\Shaders\Light.frag">
      <Filter>Data\Shaders</Filter>
    </None>
    <None Include="$(MSBuildThisFileDirectory)Data\Shaders\Light.vert">
      <Filter>Data\Shaders</Filter>
    </None>
    <None Include="$(MSBuildThisFileDirectory)Data\Shaders\Cubemap.frag">
      <Filter>Data\Shaders</Filter>
    </None>
    <None Include="$(MSBuildThisFileDirectory)Data\Shaders\Cubemap.vert">
      <Filter>Data\Shaders</Filter>
    </None>
    <None Include="$(MSBuildThisFileDirectory)Data\Shaders\HorizontalBlur.frag">
      <Filter>Data\Shaders</Filter>
    </None>
    <None Include="$(MSBuildThisFileDirectory)Data\Shaders\HorizontalBlur.vert">
      <Filter>Data\Shaders</Filter>
    </None>
    <None Include="$(MSBuildThisFileDirectory)Data\Shaders\VerticalBlur.frag">
      <Filter>Data\Shaders</Filter>
    </None>
    <None Include="$(MSBuildThisFileDirectory)Data\Shaders\VerticalBlur.vert">
      <Filter>Data\Shaders</Filter>
    </None>
    <None Include="$(MSBuildThisFileDirectory)Data\Shaders\BlackandWhite.frag">
      <Filter>Data\Shaders</Filter>
    </None>
    <None Include="$(MSBuildThisFileDirectory)Data\Shaders\BlackandWhite.vert">
      <Filter>Data\Shaders</Filter>
    </None>
  </ItemGroup>
</Project>